// !$*UTF8*$!
{
	archiveVersion = 1;
	classes = {
	};
	objectVersion = 56;
	objects = {

/* Begin PBXBuildFile section */
		DAC7AA332BEA28DE008C0A6E /* AppDelegate.m in Sources */ = {isa = PBXBuildFile; fileRef = DAC7AA322BEA28DE008C0A6E /* AppDelegate.m */; };
		DAC7AA362BEA28DE008C0A6E /* SceneDelegate.m in Sources */ = {isa = PBXBuildFile; fileRef = DAC7AA352BEA28DE008C0A6E /* SceneDelegate.m */; };
		DAC7AA392BEA28DE008C0A6E /* ViewController.m in Sources */ = {isa = PBXBuildFile; fileRef = DAC7AA382BEA28DE008C0A6E /* ViewController.m */; };
		DAC7AA3C2BEA28DE008C0A6E /* Base in Resources */ = {isa = PBXBuildFile; fileRef = DAC7AA3B2BEA28DE008C0A6E /* Base */; };
		DAC7AA3E2BEA28DF008C0A6E /* Assets.xcassets in Resources */ = {isa = PBXBuildFile; fileRef = DAC7AA3D2BEA28DF008C0A6E /* Assets.xcassets */; };
		DAC7AA412BEA28DF008C0A6E /* Base in Resources */ = {isa = PBXBuildFile; fileRef = DAC7AA402BEA28DF008C0A6E /* Base */; };
		DAC7AA442BEA28DF008C0A6E /* main.m in Sources */ = {isa = PBXBuildFile; fileRef = DAC7AA432BEA28DF008C0A6E /* main.m */; };
/* End PBXBuildFile section */

/* Begin PBXFileReference section */
		DAC7AA2E2BEA28DE008C0A6E /* SourcesViewer.app */ = {isa = PBXFileReference; explicitFileType = wrapper.application; includeInIndex = 0; path = SourcesViewer.app; sourceTree = BUILT_PRODUCTS_DIR; };
		DAC7AA312BEA28DE008C0A6E /* AppDelegate.h */ = {isa = PBXFileReference; lastKnownFileType = sourcecode.c.h; path = AppDelegate.h; sourceTree = "<group>"; };
		DAC7AA322BEA28DE008C0A6E /* AppDelegate.m */ = {isa = PBXFileReference; lastKnownFileType = sourcecode.c.objc; path = AppDelegate.m; sourceTree = "<group>"; };
		DAC7AA342BEA28DE008C0A6E /* SceneDelegate.h */ = {isa = PBXFileReference; lastKnownFileType = sourcecode.c.h; path = SceneDelegate.h; sourceTree = "<group>"; };
		DAC7AA352BEA28DE008C0A6E /* SceneDelegate.m */ = {isa = PBXFileReference; lastKnownFileType = sourcecode.c.objc; path = SceneDelegate.m; sourceTree = "<group>"; };
		DAC7AA372BEA28DE008C0A6E /* ViewController.h */ = {isa = PBXFileReference; lastKnownFileType = sourcecode.c.h; path = ViewController.h; sourceTree = "<group>"; };
		DAC7AA382BEA28DE008C0A6E /* ViewController.m */ = {isa = PBXFileReference; lastKnownFileType = sourcecode.c.objc; path = ViewController.m; sourceTree = "<group>"; };
		DAC7AA3B2BEA28DE008C0A6E /* Base */ = {isa = PBXFileReference; lastKnownFileType = file.storyboard; name = Base; path = Base.lproj/Main.storyboard; sourceTree = "<group>"; };
		DAC7AA3D2BEA28DF008C0A6E /* Assets.xcassets */ = {isa = PBXFileReference; lastKnownFileType = folder.assetcatalog; path = Assets.xcassets; sourceTree = "<group>"; };
		DAC7AA402BEA28DF008C0A6E /* Base */ = {isa = PBXFileReference; lastKnownFileType = file.storyboard; name = Base; path = Base.lproj/LaunchScreen.storyboard; sourceTree = "<group>"; };
		DAC7AA422BEA28DF008C0A6E /* Info.plist */ = {isa = PBXFileReference; lastKnownFileType = text.plist.xml; path = Info.plist; sourceTree = "<group>"; };
		DAC7AA432BEA28DF008C0A6E /* main.m */ = {isa = PBXFileReference; lastKnownFileType = sourcecode.c.objc; path = main.m; sourceTree = "<group>"; };
/* End PBXFileReference section */

/* Begin PBXFrameworksBuildPhase section */
		DAC7AA2B2BEA28DE008C0A6E /* Frameworks */ = {
			isa = PBXFrameworksBuildPhase;
			buildActionMask = 2147483647;
			files = (
			);
			runOnlyForDeploymentPostprocessing = 0;
		};
/* End PBXFrameworksBuildPhase section */

/* Begin PBXGroup section */
		DAC7AA252BEA28DE008C0A6E = {
			isa = PBXGroup;
			children = (
				DAC7AA302BEA28DE008C0A6E /* SourcesViewer */,
				DAC7AA2F2BEA28DE008C0A6E /* Products */,
			);
			sourceTree = "<group>";
		};
		DAC7AA2F2BEA28DE008C0A6E /* Products */ = {
			isa = PBXGroup;
			children = (
				DAC7AA2E2BEA28DE008C0A6E /* SourcesViewer.app */,
			);
			name = Products;
			sourceTree = "<group>";
		};
		DAC7AA302BEA28DE008C0A6E /* SourcesViewer */ = {
			isa = PBXGroup;
			children = (
				DAC7AA312BEA28DE008C0A6E /* AppDelegate.h */,
				DAC7AA322BEA28DE008C0A6E /* AppDelegate.m */,
				DAC7AA342BEA28DE008C0A6E /* SceneDelegate.h */,
				DAC7AA352BEA28DE008C0A6E /* SceneDelegate.m */,
				DAC7AA372BEA28DE008C0A6E /* ViewController.h */,
				DAC7AA382BEA28DE008C0A6E /* ViewController.m */,
				DAC7AA3A2BEA28DE008C0A6E /* Main.storyboard */,
				DAC7AA3D2BEA28DF008C0A6E /* Assets.xcassets */,
				DAC7AA3F2BEA28DF008C0A6E /* LaunchScreen.storyboard */,
				DAC7AA422BEA28DF008C0A6E /* Info.plist */,
				DAC7AA432BEA28DF008C0A6E /* main.m */,
			);
			path = SourcesViewer;
			sourceTree = "<group>";
		};
/* End PBXGroup section */

/* Begin PBXNativeTarget section */
		DAC7AA2D2BEA28DE008C0A6E /* SourcesViewer */ = {
			isa = PBXNativeTarget;
			buildConfigurationList = DAC7AA472BEA28DF008C0A6E /* Build configuration list for PBXNativeTarget "SourcesViewer" */;
			buildPhases = (
				DAC7AA2A2BEA28DE008C0A6E /* Sources */,
				DAC7AA2B2BEA28DE008C0A6E /* Frameworks */,
				DAC7AA2C2BEA28DE008C0A6E /* Resources */,
			);
			buildRules = (
			);
			dependencies = (
			);
			name = SourcesViewer;
			productName = SourcesViewer;
			productReference = DAC7AA2E2BEA28DE008C0A6E /* SourcesViewer.app */;
			productType = "com.apple.product-type.application";
		};
/* End PBXNativeTarget section */

/* Begin PBXProject section */
		DAC7AA262BEA28DE008C0A6E /* Project object */ = {
			isa = PBXProject;
			attributes = {
				BuildIndependentTargetsInParallel = 1;
				LastUpgradeCheck = 1530;
				TargetAttributes = {
					DAC7AA2D2BEA28DE008C0A6E = {
						CreatedOnToolsVersion = 15.3;
					};
				};
			};
			buildConfigurationList = DAC7AA292BEA28DE008C0A6E /* Build configuration list for PBXProject "SourcesViewer" */;
			compatibilityVersion = "Xcode 14.0";
			developmentRegion = en;
			hasScannedForEncodings = 0;
			knownRegions = (
				en,
				Base,
			);
			mainGroup = DAC7AA252BEA28DE008C0A6E;
			productRefGroup = DAC7AA2F2BEA28DE008C0A6E /* Products */;
			projectDirPath = "";
			projectRoot = "";
			targets = (
				DAC7AA2D2BEA28DE008C0A6E /* SourcesViewer */,
			);
		};
/* End PBXProject section */

/* Begin PBXResourcesBuildPhase section */
		DAC7AA2C2BEA28DE008C0A6E /* Resources */ = {
			isa = PBXResourcesBuildPhase;
			buildActionMask = 2147483647;
			files = (
				DAC7AA3E2BEA28DF008C0A6E /* Assets.xcassets in Resources */,
				DAC7AA412BEA28DF008C0A6E /* Base in Resources */,
				DAC7AA3C2BEA28DE008C0A6E /* Base in Resources */,
			);
			runOnlyForDeploymentPostprocessing = 0;
		};
/* End PBXResourcesBuildPhase section */

/* Begin PBXSourcesBuildPhase section */
		DAC7AA2A2BEA28DE008C0A6E /* Sources */ = {
			isa = PBXSourcesBuildPhase;
			buildActionMask = 2147483647;
			files = (
				DAC7AA392BEA28DE008C0A6E /* ViewController.m in Sources */,
				DAC7AA332BEA28DE008C0A6E /* AppDelegate.m in Sources */,
				DAC7AA442BEA28DF008C0A6E /* main.m in Sources */,
				DAC7AA362BEA28DE008C0A6E /* SceneDelegate.m in Sources */,
			);
			runOnlyForDeploymentPostprocessing = 0;
		};
/* End PBXSourcesBuildPhase section */

/* Begin PBXVariantGroup section */
		DAC7AA3A2BEA28DE008C0A6E /* Main.storyboard */ = {
			isa = PBXVariantGroup;
			children = (
				DAC7AA3B2BEA28DE008C0A6E /* Base */,
			);
			name = Main.storyboard;
			sourceTree = "<group>";
		};
		DAC7AA3F2BEA28DF008C0A6E /* LaunchScreen.storyboard */ = {
			isa = PBXVariantGroup;
			children = (
				DAC7AA402BEA28DF008C0A6E /* Base */,
			);
			name = LaunchScreen.storyboard;
			sourceTree = "<group>";
		};
/* End PBXVariantGroup section */

/* Begin XCBuildConfiguration section */
		DAC7AA452BEA28DF008C0A6E /* Debug */ = {
			isa = XCBuildConfiguration;
			buildSettings = {
				ALWAYS_SEARCH_USER_PATHS = NO;
				ASSETCATALOG_COMPILER_GENERATE_SWIFT_ASSET_SYMBOL_EXTENSIONS = YES;
				CLANG_ANALYZER_NONNULL = YES;
				CLANG_ANALYZER_NUMBER_OBJECT_CONVERSION = YES_AGGRESSIVE;
				CLANG_CXX_LANGUAGE_STANDARD = "gnu++20";
				CLANG_ENABLE_MODULES = YES;
				CLANG_ENABLE_OBJC_ARC = YES;
				CLANG_ENABLE_OBJC_WEAK = YES;
				CLANG_WARN_BLOCK_CAPTURE_AUTORELEASING = YES;
				CLANG_WARN_BOOL_CONVERSION = YES;
				CLANG_WARN_COMMA = YES;
				CLANG_WARN_CONSTANT_CONVERSION = YES;
				CLANG_WARN_DEPRECATED_OBJC_IMPLEMENTATIONS = YES;
				CLANG_WARN_DIRECT_OBJC_ISA_USAGE = YES_ERROR;
				CLANG_WARN_DOCUMENTATION_COMMENTS = YES;
				CLANG_WARN_EMPTY_BODY = YES;
				CLANG_WARN_ENUM_CONVERSION = YES;
				CLANG_WARN_INFINITE_RECURSION = YES;
				CLANG_WARN_INT_CONVERSION = YES;
				CLANG_WARN_NON_LITERAL_NULL_CONVERSION = YES;
				CLANG_WARN_OBJC_IMPLICIT_RETAIN_SELF = YES;
				CLANG_WARN_OBJC_LITERAL_CONVERSION = YES;
				CLANG_WARN_OBJC_ROOT_CLASS = YES_ERROR;
				CLANG_WARN_QUOTED_INCLUDE_IN_FRAMEWORK_HEADER = YES;
				CLANG_WARN_RANGE_LOOP_ANALYSIS = YES;
				CLANG_WARN_STRICT_PROTOTYPES = YES;
				CLANG_WARN_SUSPICIOUS_MOVE = YES;
				CLANG_WARN_UNGUARDED_AVAILABILITY = YES_AGGRESSIVE;
				CLANG_WARN_UNREACHABLE_CODE = YES;
				CLANG_WARN__DUPLICATE_METHOD_MATCH = YES;
				COPY_PHASE_STRIP = NO;
				DEBUG_INFORMATION_FORMAT = dwarf;
				ENABLE_STRICT_OBJC_MSGSEND = YES;
				ENABLE_TESTABILITY = YES;
				ENABLE_USER_SCRIPT_SANDBOXING = YES;
				GCC_C_LANGUAGE_STANDARD = gnu17;
				GCC_DYNAMIC_NO_PIC = NO;
				GCC_NO_COMMON_BLOCKS = YES;
				GCC_OPTIMIZATION_LEVEL = 0;
				GCC_PREPROCESSOR_DEFINITIONS = (
					"DEBUG=1",
					"$(inherited)",
				);
				GCC_WARN_64_TO_32_BIT_CONVERSION = YES;
				GCC_WARN_ABOUT_RETURN_TYPE = YES_ERROR;
				GCC_WARN_UNDECLARED_SELECTOR = YES;
				GCC_WARN_UNINITIALIZED_AUTOS = YES_AGGRESSIVE;
				GCC_WARN_UNUSED_FUNCTION = YES;
				GCC_WARN_UNUSED_VARIABLE = YES;
				IPHONEOS_DEPLOYMENT_TARGET = 17.4;
				LOCALIZATION_PREFERS_STRING_CATALOGS = YES;
				MTL_ENABLE_DEBUG_INFO = INCLUDE_SOURCE;
				MTL_FAST_MATH = YES;
				ONLY_ACTIVE_ARCH = YES;
				SDKROOT = iphoneos;
			};
			name = Debug;
		};
		DAC7AA462BEA28DF008C0A6E /* Release */ = {
			isa = XCBuildConfiguration;
			buildSettings = {
				ALWAYS_SEARCH_USER_PATHS = NO;
				ASSETCATALOG_COMPILER_GENERATE_SWIFT_ASSET_SYMBOL_EXTENSIONS = YES;
				CLANG_ANALYZER_NONNULL = YES;
				CLANG_ANALYZER_NUMBER_OBJECT_CONVERSION = YES_AGGRESSIVE;
				CLANG_CXX_LANGUAGE_STANDARD = "gnu++20";
				CLANG_ENABLE_MODULES = YES;
				CLANG_ENABLE_OBJC_ARC = YES;
				CLANG_ENABLE_OBJC_WEAK = YES;
				CLANG_WARN_BLOCK_CAPTURE_AUTORELEASING = YES;
				CLANG_WARN_BOOL_CONVERSION = YES;
				CLANG_WARN_COMMA = YES;
				CLANG_WARN_CONSTANT_CONVERSION = YES;
				CLANG_WARN_DEPRECATED_OBJC_IMPLEMENTATIONS = YES;
				CLANG_WARN_DIRECT_OBJC_ISA_USAGE = YES_ERROR;
				CLANG_WARN_DOCUMENTATION_COMMENTS = YES;
				CLANG_WARN_EMPTY_BODY = YES;
				CLANG_WARN_ENUM_CONVERSION = YES;
				CLANG_WARN_INFINITE_RECURSION = YES;
				CLANG_WARN_INT_CONVERSION = YES;
				CLANG_WARN_NON_LITERAL_NULL_CONVERSION = YES;
				CLANG_WARN_OBJC_IMPLICIT_RETAIN_SELF = YES;
				CLANG_WARN_OBJC_LITERAL_CONVERSION = YES;
				CLANG_WARN_OBJC_ROOT_CLASS = YES_ERROR;
				CLANG_WARN_QUOTED_INCLUDE_IN_FRAMEWORK_HEADER = YES;
				CLANG_WARN_RANGE_LOOP_ANALYSIS = YES;
				CLANG_WARN_STRICT_PROTOTYPES = YES;
				CLANG_WARN_SUSPICIOUS_MOVE = YES;
				CLANG_WARN_UNGUARDED_AVAILABILITY = YES_AGGRESSIVE;
				CLANG_WARN_UNREACHABLE_CODE = YES;
				CLANG_WARN__DUPLICATE_METHOD_MATCH = YES;
				COPY_PHASE_STRIP = NO;
				DEBUG_INFORMATION_FORMAT = "dwarf-with-dsym";
				ENABLE_NS_ASSERTIONS = NO;
				ENABLE_STRICT_OBJC_MSGSEND = YES;
				ENABLE_USER_SCRIPT_SANDBOXING = YES;
				GCC_C_LANGUAGE_STANDARD = gnu17;
				GCC_NO_COMMON_BLOCKS = YES;
				GCC_WARN_64_TO_32_BIT_CONVERSION = YES;
				GCC_WARN_ABOUT_RETURN_TYPE = YES_ERROR;
				GCC_WARN_UNDECLARED_SELECTOR = YES;
				GCC_WARN_UNINITIALIZED_AUTOS = YES_AGGRESSIVE;
				GCC_WARN_UNUSED_FUNCTION = YES;
				GCC_WARN_UNUSED_VARIABLE = YES;
				IPHONEOS_DEPLOYMENT_TARGET = 17.4;
				LOCALIZATION_PREFERS_STRING_CATALOGS = YES;
				MTL_ENABLE_DEBUG_INFO = NO;
				MTL_FAST_MATH = YES;
				SDKROOT = iphoneos;
				VALIDATE_PRODUCT = YES;
			};
			name = Release;
		};
		DAC7AA482BEA28DF008C0A6E /* Debug */ = {
			isa = XCBuildConfiguration;
			buildSettings = {
				ASSETCATALOG_COMPILER_APPICON_NAME = AppIcon;
				ASSETCATALOG_COMPILER_GLOBAL_ACCENT_COLOR_NAME = AccentColor;
				CODE_SIGN_STYLE = Automatic;
				CURRENT_PROJECT_VERSION = 1;
				DEVELOPMENT_TEAM = 3S94GC32ZV;
				GENERATE_INFOPLIST_FILE = YES;
				INFOPLIST_FILE = SourcesViewer/Info.plist;
				INFOPLIST_KEY_UIApplicationSupportsIndirectInputEvents = YES;
				INFOPLIST_KEY_UILaunchStoryboardName = LaunchScreen;
				INFOPLIST_KEY_UIMainStoryboardFile = Main;
				INFOPLIST_KEY_UISupportedInterfaceOrientations_iPad = "UIInterfaceOrientationPortrait UIInterfaceOrientationPortraitUpsideDown UIInterfaceOrientationLandscapeLeft UIInterfaceOrientationLandscapeRight";
				INFOPLIST_KEY_UISupportedInterfaceOrientations_iPhone = "UIInterfaceOrientationPortrait UIInterfaceOrientationLandscapeLeft UIInterfaceOrientationLandscapeRight";
				LD_RUNPATH_SEARCH_PATHS = (
					"$(inherited)",
					"@executable_path/Frameworks",
				);
				MARKETING_VERSION = 1.0;
				PRODUCT_BUNDLE_IDENTIFIER = syruppppp.SourcesViewer;
				PRODUCT_NAME = "$(TARGET_NAME)";
				SWIFT_EMIT_LOC_STRINGS = YES;
				TARGETED_DEVICE_FAMILY = "1,2";
			};
			name = Debug;
		};
		DAC7AA492BEA28DF008C0A6E /* Release */ = {
			isa = XCBuildConfiguration;
			buildSettings = {
				ASSETCATALOG_COMPILER_APPICON_NAME = AppIcon;
				ASSETCATALOG_COMPILER_GLOBAL_ACCENT_COLOR_NAME = AccentColor;
				CODE_SIGN_STYLE = Automatic;
				CURRENT_PROJECT_VERSION = 1;
				DEVELOPMENT_TEAM = 3S94GC32ZV;
				GENERATE_INFOPLIST_FILE = YES;
				INFOPLIST_FILE = SourcesViewer/Info.plist;
				INFOPLIST_KEY_UIApplicationSupportsIndirectInputEvents = YES;
				INFOPLIST_KEY_UILaunchStoryboardName = LaunchScreen;
				INFOPLIST_KEY_UIMainStoryboardFile = Main;
				INFOPLIST_KEY_UISupportedInterfaceOrientations_iPad = "UIInterfaceOrientationPortrait UIInterfaceOrientationPortraitUpsideDown UIInterfaceOrientationLandscapeLeft UIInterfaceOrientationLandscapeRight";
				INFOPLIST_KEY_UISupportedInterfaceOrientations_iPhone = "UIInterfaceOrientationPortrait UIInterfaceOrientationLandscapeLeft UIInterfaceOrientationLandscapeRight";
				LD_RUNPATH_SEARCH_PATHS = (
					"$(inherited)",
					"@executable_path/Frameworks",
				);
				MARKETING_VERSION = 1.0;
				PRODUCT_BUNDLE_IDENTIFIER = syruppppp.SourcesViewer;
				PRODUCT_NAME = "$(TARGET_NAME)";
				SWIFT_EMIT_LOC_STRINGS = YES;
				TARGETED_DEVICE_FAMILY = "1,2";
			};
			name = Release;
		};
/* End XCBuildConfiguration section */

/* Begin XCConfigurationList section */
		DAC7AA292BEA28DE008C0A6E /* Build configuration list for PBXProject "SourcesViewer" */ = {
			isa = XCConfigurationList;
			buildConfigurations = (
				DAC7AA452BEA28DF008C0A6E /* Debug */,
				DAC7AA462BEA28DF008C0A6E /* Release */,
			);
			defaultConfigurationIsVisible = 0;
			defaultConfigurationName = Release;
		};
		DAC7AA472BEA28DF008C0A6E /* Build configuration list for PBXNativeTarget "SourcesViewer" */ = {
			isa = XCConfigurationList;
			buildConfigurations = (
				DAC7AA482BEA28DF008C0A6E /* Debug */,
				DAC7AA492BEA28DF008C0A6E /* Release */,
			);
			defaultConfigurationIsVisible = 0;
			defaultConfigurationName = Release;
		};
/* End XCConfigurationList section */
	};
	rootObject = DAC7AA262BEA28DE008C0A6E /* Project object */;
}
